// !$*UTF8*$!
{
	archiveVersion = 1;
	classes = {
	};
	objectVersion = 46;
	objects = {

/* Begin PBXBuildFile section */
		C60C4F9C1771264C0055745A /* TSSettingManager.m in Sources */ = {isa = PBXBuildFile; fileRef = C60C4F9B1771264C0055745A /* TSSettingManager.m */; };
		C60C4F9F177135410055745A /* TSSettingsViewController.m in Sources */ = {isa = PBXBuildFile; fileRef = C60C4F9E177135410055745A /* TSSettingsViewController.m */; };
		C62BA83A1768940900F6142B /* UIKit.framework in Frameworks */ = {isa = PBXBuildFile; fileRef = C62BA8391768940900F6142B /* UIKit.framework */; };
		C62BA83C1768940900F6142B /* Foundation.framework in Frameworks */ = {isa = PBXBuildFile; fileRef = C62BA83B1768940900F6142B /* Foundation.framework */; };
		C62BA83E1768940900F6142B /* CoreGraphics.framework in Frameworks */ = {isa = PBXBuildFile; fileRef = C62BA83D1768940900F6142B /* CoreGraphics.framework */; };
		C62BA8441768940900F6142B /* InfoPlist.strings in Resources */ = {isa = PBXBuildFile; fileRef = C62BA8421768940900F6142B /* InfoPlist.strings */; };
		C62BA8461768940900F6142B /* main.m in Sources */ = {isa = PBXBuildFile; fileRef = C62BA8451768940900F6142B /* main.m */; };
		C62BA84A1768940900F6142B /* TSAppDelegate.m in Sources */ = {isa = PBXBuildFile; fileRef = C62BA8491768940900F6142B /* TSAppDelegate.m */; };
		C62BA84C1768940900F6142B /* Default.png in Resources */ = {isa = PBXBuildFile; fileRef = C62BA84B1768940900F6142B /* Default.png */; };
		C62BA84E1768940900F6142B /* Default@2x.png in Resources */ = {isa = PBXBuildFile; fileRef = C62BA84D1768940900F6142B /* Default@2x.png */; };
		C62BA8501768940900F6142B /* Default-568h@2x.png in Resources */ = {isa = PBXBuildFile; fileRef = C62BA84F1768940900F6142B /* Default-568h@2x.png */; };
		C62BA8531768940900F6142B /* MainStoryboard.storyboard in Resources */ = {isa = PBXBuildFile; fileRef = C62BA8511768940900F6142B /* MainStoryboard.storyboard */; };
		C62BA8561768940900F6142B /* TSLandingPageViewController.m in Sources */ = {isa = PBXBuildFile; fileRef = C62BA8551768940900F6142B /* TSLandingPageViewController.m */; };
		C62BA85D1768943400F6142B /* GameKit.framework in Frameworks */ = {isa = PBXBuildFile; fileRef = C62BA85C1768943400F6142B /* GameKit.framework */; };
		C62BA8641768ACD100F6142B /* green_diamond.png in Resources */ = {isa = PBXBuildFile; fileRef = C62BA8631768ACD100F6142B /* green_diamond.png */; };
		C62BA8661768AD2F00F6142B /* triplet.png in Resources */ = {isa = PBXBuildFile; fileRef = C62BA8651768AD2F00F6142B /* triplet.png */; };
		C653BAF71770CC2B00C3B82B /* TSGameStatsModel.m in Sources */ = {isa = PBXBuildFile; fileRef = C653BAF61770CC2B00C3B82B /* TSGameStatsModel.m */; };
		C653BAFA1770CEE100C3B82B /* TSPlayerStatsModel.m in Sources */ = {isa = PBXBuildFile; fileRef = C653BAF91770CEE100C3B82B /* TSPlayerStatsModel.m */; };
		C653BAFE1770E6BE00C3B82B /* TSUtil.m in Sources */ = {isa = PBXBuildFile; fileRef = C653BAFD1770E6BE00C3B82B /* TSUtil.m */; };
		C6919D02176F9B8100DBA83B /* TSGameViewLayout.m in Sources */ = {isa = PBXBuildFile; fileRef = C6919D01176F9B8100DBA83B /* TSGameViewLayout.m */; };
		C6E4ED6D176C782C00D1F009 /* shuffle.png in Resources */ = {isa = PBXBuildFile; fileRef = C6E4ED6C176C782C00D1F009 /* shuffle.png */; };
		C6E4ED70176C7AB300D1F009 /* TSGameViewController.m in Sources */ = {isa = PBXBuildFile; fileRef = C6E4ED6F176C7AB300D1F009 /* TSGameViewController.m */; };
		C6E4ED74176C86F800D1F009 /* TSGeneralStatsViewController.m in Sources */ = {isa = PBXBuildFile; fileRef = C6E4ED73176C86F700D1F009 /* TSGeneralStatsViewController.m */; };
		C6E4ED77176C89C300D1F009 /* TSPlayerStatsViewController.m in Sources */ = {isa = PBXBuildFile; fileRef = C6E4ED76176C89C300D1F009 /* TSPlayerStatsViewController.m */; };
		C6E4ED7A176CBA1700D1F009 /* TSCardCellView.m in Sources */ = {isa = PBXBuildFile; fileRef = C6E4ED79176CBA1700D1F009 /* TSCardCellView.m */; };
		C6FE9F6D17691D5900E0980B /* TSSetModel.m in Sources */ = {isa = PBXBuildFile; fileRef = C6FE9F6C17691D5900E0980B /* TSSetModel.m */; };
		C6FE9F701769204B00E0980B /* TSCardModel.m in Sources */ = {isa = PBXBuildFile; fileRef = C6FE9F6F1769204B00E0980B /* TSCardModel.m */; };
		C6FE9F791769437D00E0980B /* TSGameModel.m in Sources */ = {isa = PBXBuildFile; fileRef = C6FE9F781769437D00E0980B /* TSGameModel.m */; };
		C6FE9F7C1769443900E0980B /* TSSolvedSetProperties.m in Sources */ = {isa = PBXBuildFile; fileRef = C6FE9F7B1769443900E0980B /* TSSolvedSetProperties.m */; };
		C6FE9F7F1769456A00E0980B /* TSSolvedSetDescriptor.m in Sources */ = {isa = PBXBuildFile; fileRef = C6FE9F7E1769456A00E0980B /* TSSolvedSetDescriptor.m */; };
/* End PBXBuildFile section */

/* Begin PBXFileReference section */
		C60C4F9A1771264C0055745A /* TSSettingManager.h */ = {isa = PBXFileReference; fileEncoding = 4; lastKnownFileType = sourcecode.c.h; path = TSSettingManager.h; sourceTree = "<group>"; };
		C60C4F9B1771264C0055745A /* TSSettingManager.m */ = {isa = PBXFileReference; fileEncoding = 4; lastKnownFileType = sourcecode.c.objc; path = TSSettingManager.m; sourceTree = "<group>"; };
		C60C4F9D177135410055745A /* TSSettingsViewController.h */ = {isa = PBXFileReference; fileEncoding = 4; lastKnownFileType = sourcecode.c.h; path = TSSettingsViewController.h; sourceTree = "<group>"; };
		C60C4F9E177135410055745A /* TSSettingsViewController.m */ = {isa = PBXFileReference; fileEncoding = 4; lastKnownFileType = sourcecode.c.objc; path = TSSettingsViewController.m; sourceTree = "<group>"; };
		C62BA8361768940900F6142B /* 3Set.app */ = {isa = PBXFileReference; explicitFileType = wrapper.application; includeInIndex = 0; path = 3Set.app; sourceTree = BUILT_PRODUCTS_DIR; };
		C62BA8391768940900F6142B /* UIKit.framework */ = {isa = PBXFileReference; lastKnownFileType = wrapper.framework; name = UIKit.framework; path = System/Library/Frameworks/UIKit.framework; sourceTree = SDKROOT; };
		C62BA83B1768940900F6142B /* Foundation.framework */ = {isa = PBXFileReference; lastKnownFileType = wrapper.framework; name = Foundation.framework; path = System/Library/Frameworks/Foundation.framework; sourceTree = SDKROOT; };
		C62BA83D1768940900F6142B /* CoreGraphics.framework */ = {isa = PBXFileReference; lastKnownFileType = wrapper.framework; name = CoreGraphics.framework; path = System/Library/Frameworks/CoreGraphics.framework; sourceTree = SDKROOT; };
		C62BA8411768940900F6142B /* 3Set-Info.plist */ = {isa = PBXFileReference; lastKnownFileType = text.plist.xml; path = "3Set-Info.plist"; sourceTree = "<group>"; };
		C62BA8431768940900F6142B /* en */ = {isa = PBXFileReference; lastKnownFileType = text.plist.strings; name = en; path = en.lproj/InfoPlist.strings; sourceTree = "<group>"; };
		C62BA8451768940900F6142B /* main.m */ = {isa = PBXFileReference; lastKnownFileType = sourcecode.c.objc; path = main.m; sourceTree = "<group>"; };
		C62BA8471768940900F6142B /* 3Set-Prefix.pch */ = {isa = PBXFileReference; lastKnownFileType = sourcecode.c.h; path = "3Set-Prefix.pch"; sourceTree = "<group>"; };
		C62BA8481768940900F6142B /* TSAppDelegate.h */ = {isa = PBXFileReference; lastKnownFileType = sourcecode.c.h; path = TSAppDelegate.h; sourceTree = "<group>"; };
		C62BA8491768940900F6142B /* TSAppDelegate.m */ = {isa = PBXFileReference; lastKnownFileType = sourcecode.c.objc; path = TSAppDelegate.m; sourceTree = "<group>"; };
		C62BA84B1768940900F6142B /* Default.png */ = {isa = PBXFileReference; lastKnownFileType = image.png; path = Default.png; sourceTree = "<group>"; };
		C62BA84D1768940900F6142B /* Default@2x.png */ = {isa = PBXFileReference; lastKnownFileType = image.png; path = "Default@2x.png"; sourceTree = "<group>"; };
		C62BA84F1768940900F6142B /* Default-568h@2x.png */ = {isa = PBXFileReference; lastKnownFileType = image.png; path = "Default-568h@2x.png"; sourceTree = "<group>"; };
		C62BA8521768940900F6142B /* en */ = {isa = PBXFileReference; lastKnownFileType = file.storyboard; name = en; path = en.lproj/MainStoryboard.storyboard; sourceTree = "<group>"; };
		C62BA8541768940900F6142B /* TSLandingPageViewController.h */ = {isa = PBXFileReference; lastKnownFileType = sourcecode.c.h; path = TSLandingPageViewController.h; sourceTree = "<group>"; };
		C62BA8551768940900F6142B /* TSLandingPageViewController.m */ = {isa = PBXFileReference; lastKnownFileType = sourcecode.c.objc; path = TSLandingPageViewController.m; sourceTree = "<group>"; };
		C62BA85C1768943400F6142B /* GameKit.framework */ = {isa = PBXFileReference; lastKnownFileType = wrapper.framework; name = GameKit.framework; path = System/Library/Frameworks/GameKit.framework; sourceTree = SDKROOT; };
		C62BA8631768ACD100F6142B /* green_diamond.png */ = {isa = PBXFileReference; lastKnownFileType = image.png; path = green_diamond.png; sourceTree = "<group>"; };
		C62BA8651768AD2F00F6142B /* triplet.png */ = {isa = PBXFileReference; lastKnownFileType = image.png; path = triplet.png; sourceTree = "<group>"; };
		C653BAF51770CC2B00C3B82B /* TSGameStatsModel.h */ = {isa = PBXFileReference; fileEncoding = 4; lastKnownFileType = sourcecode.c.h; path = TSGameStatsModel.h; sourceTree = "<group>"; };
		C653BAF61770CC2B00C3B82B /* TSGameStatsModel.m */ = {isa = PBXFileReference; fileEncoding = 4; lastKnownFileType = sourcecode.c.objc; path = TSGameStatsModel.m; sourceTree = "<group>"; };
		C653BAF81770CEE100C3B82B /* TSPlayerStatsModel.h */ = {isa = PBXFileReference; fileEncoding = 4; lastKnownFileType = sourcecode.c.h; path = TSPlayerStatsModel.h; sourceTree = "<group>"; };
		C653BAF91770CEE100C3B82B /* TSPlayerStatsModel.m */ = {isa = PBXFileReference; fileEncoding = 4; lastKnownFileType = sourcecode.c.objc; path = TSPlayerStatsModel.m; sourceTree = "<group>"; };
		C653BAFC1770E6BE00C3B82B /* TSUtil.h */ = {isa = PBXFileReference; fileEncoding = 4; lastKnownFileType = sourcecode.c.h; path = TSUtil.h; sourceTree = "<group>"; };
		C653BAFD1770E6BE00C3B82B /* TSUtil.m */ = {isa = PBXFileReference; fileEncoding = 4; lastKnownFileType = sourcecode.c.objc; path = TSUtil.m; sourceTree = "<group>"; };
		C6919D00176F9B8100DBA83B /* TSGameViewLayout.h */ = {isa = PBXFileReference; fileEncoding = 4; lastKnownFileType = sourcecode.c.h; path = TSGameViewLayout.h; sourceTree = "<group>"; };
		C6919D01176F9B8100DBA83B /* TSGameViewLayout.m */ = {isa = PBXFileReference; fileEncoding = 4; lastKnownFileType = sourcecode.c.objc; path = TSGameViewLayout.m; sourceTree = "<group>"; };
		C6E4ED6C176C782C00D1F009 /* shuffle.png */ = {isa = PBXFileReference; lastKnownFileType = image.png; path = shuffle.png; sourceTree = "<group>"; };
		C6E4ED6E176C7AB300D1F009 /* TSGameViewController.h */ = {isa = PBXFileReference; fileEncoding = 4; lastKnownFileType = sourcecode.c.h; path = TSGameViewController.h; sourceTree = "<group>"; };
		C6E4ED6F176C7AB300D1F009 /* TSGameViewController.m */ = {isa = PBXFileReference; fileEncoding = 4; lastKnownFileType = sourcecode.c.objc; path = TSGameViewController.m; sourceTree = "<group>"; };
		C6E4ED72176C86F700D1F009 /* TSGeneralStatsViewController.h */ = {isa = PBXFileReference; fileEncoding = 4; lastKnownFileType = sourcecode.c.h; path = TSGeneralStatsViewController.h; sourceTree = "<group>"; };
		C6E4ED73176C86F700D1F009 /* TSGeneralStatsViewController.m */ = {isa = PBXFileReference; fileEncoding = 4; lastKnownFileType = sourcecode.c.objc; path = TSGeneralStatsViewController.m; sourceTree = "<group>"; };
		C6E4ED75176C89C300D1F009 /* TSPlayerStatsViewController.h */ = {isa = PBXFileReference; fileEncoding = 4; lastKnownFileType = sourcecode.c.h; path = TSPlayerStatsViewController.h; sourceTree = "<group>"; };
		C6E4ED76176C89C300D1F009 /* TSPlayerStatsViewController.m */ = {isa = PBXFileReference; fileEncoding = 4; lastKnownFileType = sourcecode.c.objc; path = TSPlayerStatsViewController.m; sourceTree = "<group>"; };
		C6E4ED78176CBA1700D1F009 /* TSCardCellView.h */ = {isa = PBXFileReference; fileEncoding = 4; lastKnownFileType = sourcecode.c.h; path = TSCardCellView.h; sourceTree = "<group>"; };
		C6E4ED79176CBA1700D1F009 /* TSCardCellView.m */ = {isa = PBXFileReference; fileEncoding = 4; lastKnownFileType = sourcecode.c.objc; path = TSCardCellView.m; sourceTree = "<group>"; };
		C6FE9F6B17691D5900E0980B /* TSSetModel.h */ = {isa = PBXFileReference; fileEncoding = 4; lastKnownFileType = sourcecode.c.h; path = TSSetModel.h; sourceTree = "<group>"; };
		C6FE9F6C17691D5900E0980B /* TSSetModel.m */ = {isa = PBXFileReference; fileEncoding = 4; lastKnownFileType = sourcecode.c.objc; path = TSSetModel.m; sourceTree = "<group>"; };
		C6FE9F6E1769204B00E0980B /* TSCardModel.h */ = {isa = PBXFileReference; fileEncoding = 4; lastKnownFileType = sourcecode.c.h; path = TSCardModel.h; sourceTree = "<group>"; };
		C6FE9F6F1769204B00E0980B /* TSCardModel.m */ = {isa = PBXFileReference; fileEncoding = 4; lastKnownFileType = sourcecode.c.objc; path = TSCardModel.m; sourceTree = "<group>"; };
		C6FE9F771769437D00E0980B /* TSGameModel.h */ = {isa = PBXFileReference; fileEncoding = 4; lastKnownFileType = sourcecode.c.h; path = TSGameModel.h; sourceTree = "<group>"; };
		C6FE9F781769437D00E0980B /* TSGameModel.m */ = {isa = PBXFileReference; fileEncoding = 4; lastKnownFileType = sourcecode.c.objc; path = TSGameModel.m; sourceTree = "<group>"; };
		C6FE9F7A1769443900E0980B /* TSSolvedSetProperties.h */ = {isa = PBXFileReference; fileEncoding = 4; lastKnownFileType = sourcecode.c.h; path = TSSolvedSetProperties.h; sourceTree = "<group>"; };
		C6FE9F7B1769443900E0980B /* TSSolvedSetProperties.m */ = {isa = PBXFileReference; fileEncoding = 4; lastKnownFileType = sourcecode.c.objc; path = TSSolvedSetProperties.m; sourceTree = "<group>"; };
		C6FE9F7D1769456A00E0980B /* TSSolvedSetDescriptor.h */ = {isa = PBXFileReference; fileEncoding = 4; lastKnownFileType = sourcecode.c.h; path = TSSolvedSetDescriptor.h; sourceTree = "<group>"; };
		C6FE9F7E1769456A00E0980B /* TSSolvedSetDescriptor.m */ = {isa = PBXFileReference; fileEncoding = 4; lastKnownFileType = sourcecode.c.objc; path = TSSolvedSetDescriptor.m; sourceTree = "<group>"; };
/* End PBXFileReference section */

/* Begin PBXFrameworksBuildPhase section */
		C62BA8331768940900F6142B /* Frameworks */ = {
			isa = PBXFrameworksBuildPhase;
			buildActionMask = 2147483647;
			files = (
				C62BA85D1768943400F6142B /* GameKit.framework in Frameworks */,
				C62BA83A1768940900F6142B /* UIKit.framework in Frameworks */,
				C62BA83C1768940900F6142B /* Foundation.framework in Frameworks */,
				C62BA83E1768940900F6142B /* CoreGraphics.framework in Frameworks */,
			);
			runOnlyForDeploymentPostprocessing = 0;
		};
/* End PBXFrameworksBuildPhase section */

/* Begin PBXGroup section */
		C62BA82D1768940900F6142B = {
			isa = PBXGroup;
			children = (
				C62BA83F1768940900F6142B /* 3Set */,
				C62BA8381768940900F6142B /* Frameworks */,
				C62BA8371768940900F6142B /* Products */,
			);
			sourceTree = "<group>";
		};
		C62BA8371768940900F6142B /* Products */ = {
			isa = PBXGroup;
			children = (
				C62BA8361768940900F6142B /* 3Set.app */,
			);
			name = Products;
			sourceTree = "<group>";
		};
		C62BA8381768940900F6142B /* Frameworks */ = {
			isa = PBXGroup;
			children = (
				C62BA85C1768943400F6142B /* GameKit.framework */,
				C62BA8391768940900F6142B /* UIKit.framework */,
				C62BA83B1768940900F6142B /* Foundation.framework */,
				C62BA83D1768940900F6142B /* CoreGraphics.framework */,
			);
			name = Frameworks;
			sourceTree = "<group>";
		};
		C62BA83F1768940900F6142B /* 3Set */ = {
			isa = PBXGroup;
			children = (
				C653BAFB1770E6B300C3B82B /* Common */,
				C6919D00176F9B8100DBA83B /* TSGameViewLayout.h */,
				C6919D01176F9B8100DBA83B /* TSGameViewLayout.m */,
				C6E4ED71176C7AC000D1F009 /* VCs */,
				C6FE9F6A17691D3700E0980B /* Model */,
				C62BA85E17689C8900F6142B /* Img */,
				C62BA8481768940900F6142B /* TSAppDelegate.h */,
				C62BA8491768940900F6142B /* TSAppDelegate.m */,
				C62BA85F1768A81900F6142B /* Storyboards */,
				C62BA8401768940900F6142B /* Supporting Files */,
			);
			path = 3Set;
			sourceTree = "<group>";
		};
		C62BA8401768940900F6142B /* Supporting Files */ = {
			isa = PBXGroup;
			children = (
				C62BA8411768940900F6142B /* 3Set-Info.plist */,
				C62BA8421768940900F6142B /* InfoPlist.strings */,
				C62BA8451768940900F6142B /* main.m */,
				C62BA8471768940900F6142B /* 3Set-Prefix.pch */,
			);
			name = "Supporting Files";
			sourceTree = "<group>";
		};
		C62BA85E17689C8900F6142B /* Img */ = {
			isa = PBXGroup;
			children = (
				C6E4ED6C176C782C00D1F009 /* shuffle.png */,
				C62BA8651768AD2F00F6142B /* triplet.png */,
				C62BA8631768ACD100F6142B /* green_diamond.png */,
				C62BA84B1768940900F6142B /* Default.png */,
				C62BA84D1768940900F6142B /* Default@2x.png */,
				C62BA84F1768940900F6142B /* Default-568h@2x.png */,
			);
			name = Img;
			sourceTree = "<group>";
		};
		C62BA85F1768A81900F6142B /* Storyboards */ = {
			isa = PBXGroup;
			children = (
				C62BA8511768940900F6142B /* MainStoryboard.storyboard */,
			);
			name = Storyboards;
			sourceTree = "<group>";
		};
		C653BAFB1770E6B300C3B82B /* Common */ = {
			isa = PBXGroup;
			children = (
				C60C4F9A1771264C0055745A /* TSSettingManager.h */,
				C60C4F9B1771264C0055745A /* TSSettingManager.m */,
				C653BAFC1770E6BE00C3B82B /* TSUtil.h */,
				C653BAFD1770E6BE00C3B82B /* TSUtil.m */,
			);
			name = Common;
			sourceTree = "<group>";
		};
		C6E4ED71176C7AC000D1F009 /* VCs */ = {
			isa = PBXGroup;
			children = (
				C60C4F9D177135410055745A /* TSSettingsViewController.h */,
				C60C4F9E177135410055745A /* TSSettingsViewController.m */,
				C6E4ED78176CBA1700D1F009 /* TSCardCellView.h */,
				C6E4ED79176CBA1700D1F009 /* TSCardCellView.m */,
				C6E4ED75176C89C300D1F009 /* TSPlayerStatsViewController.h */,
				C6E4ED76176C89C300D1F009 /* TSPlayerStatsViewController.m */,
				C62BA8541768940900F6142B /* TSLandingPageViewController.h */,
				C62BA8551768940900F6142B /* TSLandingPageViewController.m */,
				C6E4ED6E176C7AB300D1F009 /* TSGameViewController.h */,
				C6E4ED6F176C7AB300D1F009 /* TSGameViewController.m */,
				C6E4ED72176C86F700D1F009 /* TSGeneralStatsViewController.h */,
				C6E4ED73176C86F700D1F009 /* TSGeneralStatsViewController.m */,
			);
			name = VCs;
			sourceTree = "<group>";
		};
		C6FE9F6A17691D3700E0980B /* Model */ = {
			isa = PBXGroup;
			children = (
				C653BAF51770CC2B00C3B82B /* TSGameStatsModel.h */,
				C653BAF61770CC2B00C3B82B /* TSGameStatsModel.m */,
				C653BAF81770CEE100C3B82B /* TSPlayerStatsModel.h */,
				C653BAF91770CEE100C3B82B /* TSPlayerStatsModel.m */,
				C6FE9F6B17691D5900E0980B /* TSSetModel.h */,
				C6FE9F6C17691D5900E0980B /* TSSetModel.m */,
				C6FE9F6E1769204B00E0980B /* TSCardModel.h */,
				C6FE9F6F1769204B00E0980B /* TSCardModel.m */,
				C6FE9F771769437D00E0980B /* TSGameModel.h */,
				C6FE9F781769437D00E0980B /* TSGameModel.m */,
				C6FE9F7D1769456A00E0980B /* TSSolvedSetDescriptor.h */,
				C6FE9F7E1769456A00E0980B /* TSSolvedSetDescriptor.m */,
				C6FE9F7A1769443900E0980B /* TSSolvedSetProperties.h */,
				C6FE9F7B1769443900E0980B /* TSSolvedSetProperties.m */,
			);
			name = Model;
			sourceTree = "<group>";
		};
/* End PBXGroup section */

/* Begin PBXNativeTarget section */
		C62BA8351768940900F6142B /* 3Set */ = {
			isa = PBXNativeTarget;
			buildConfigurationList = C62BA8591768940900F6142B /* Build configuration list for PBXNativeTarget "3Set" */;
			buildPhases = (
				C62BA8321768940900F6142B /* Sources */,
				C62BA8331768940900F6142B /* Frameworks */,
				C62BA8341768940900F6142B /* Resources */,
			);
			buildRules = (
			);
			dependencies = (
			);
			name = 3Set;
			productName = 3Set;
			productReference = C62BA8361768940900F6142B /* 3Set.app */;
			productType = "com.apple.product-type.application";
		};
/* End PBXNativeTarget section */

/* Begin PBXProject section */
		C62BA82E1768940900F6142B /* Project object */ = {
			isa = PBXProject;
			attributes = {
				CLASSPREFIX = TS;
				LastUpgradeCheck = 0460;
				ORGANIZATIONNAME = AIT;
			};
			buildConfigurationList = C62BA8311768940900F6142B /* Build configuration list for PBXProject "3Set" */;
			compatibilityVersion = "Xcode 3.2";
			developmentRegion = English;
			hasScannedForEncodings = 0;
			knownRegions = (
				en,
			);
			mainGroup = C62BA82D1768940900F6142B;
			productRefGroup = C62BA8371768940900F6142B /* Products */;
			projectDirPath = "";
			projectRoot = "";
			targets = (
				C62BA8351768940900F6142B /* 3Set */,
			);
		};
/* End PBXProject section */

/* Begin PBXResourcesBuildPhase section */
		C62BA8341768940900F6142B /* Resources */ = {
			isa = PBXResourcesBuildPhase;
			buildActionMask = 2147483647;
			files = (
				C62BA8441768940900F6142B /* InfoPlist.strings in Resources */,
				C62BA84C1768940900F6142B /* Default.png in Resources */,
				C62BA84E1768940900F6142B /* Default@2x.png in Resources */,
				C62BA8501768940900F6142B /* Default-568h@2x.png in Resources */,
				C62BA8531768940900F6142B /* MainStoryboard.storyboard in Resources */,
				C62BA8641768ACD100F6142B /* green_diamond.png in Resources */,
				C62BA8661768AD2F00F6142B /* triplet.png in Resources */,
				C6E4ED6D176C782C00D1F009 /* shuffle.png in Resources */,
			);
			runOnlyForDeploymentPostprocessing = 0;
		};
/* End PBXResourcesBuildPhase section */

/* Begin PBXSourcesBuildPhase section */
		C62BA8321768940900F6142B /* Sources */ = {
			isa = PBXSourcesBuildPhase;
			buildActionMask = 2147483647;
			files = (
				C62BA8461768940900F6142B /* main.m in Sources */,
				C62BA84A1768940900F6142B /* TSAppDelegate.m in Sources */,
				C62BA8561768940900F6142B /* TSLandingPageViewController.m in Sources */,
				C6FE9F6D17691D5900E0980B /* TSSetModel.m in Sources */,
				C6FE9F701769204B00E0980B /* TSCardModel.m in Sources */,
				C6FE9F791769437D00E0980B /* TSGameModel.m in Sources */,
				C6FE9F7C1769443900E0980B /* TSSolvedSetProperties.m in Sources */,
				C6FE9F7F1769456A00E0980B /* TSSolvedSetDescriptor.m in Sources */,
				C6E4ED70176C7AB300D1F009 /* TSGameViewController.m in Sources */,
				C6E4ED74176C86F800D1F009 /* TSGeneralStatsViewController.m in Sources */,
				C6E4ED77176C89C300D1F009 /* TSPlayerStatsViewController.m in Sources */,
				C6E4ED7A176CBA1700D1F009 /* TSCardCellView.m in Sources */,
				C6919D02176F9B8100DBA83B /* TSGameViewLayout.m in Sources */,
				C653BAF71770CC2B00C3B82B /* TSGameStatsModel.m in Sources */,
				C653BAFA1770CEE100C3B82B /* TSPlayerStatsModel.m in Sources */,
				C653BAFE1770E6BE00C3B82B /* TSUtil.m in Sources */,
				C60C4F9C1771264C0055745A /* TSSettingManager.m in Sources */,
				C60C4F9F177135410055745A /* TSSettingsViewController.m in Sources */,
			);
			runOnlyForDeploymentPostprocessing = 0;
		};
/* End PBXSourcesBuildPhase section */

/* Begin PBXVariantGroup section */
		C62BA8421768940900F6142B /* InfoPlist.strings */ = {
			isa = PBXVariantGroup;
			children = (
				C62BA8431768940900F6142B /* en */,
			);
			name = InfoPlist.strings;
			sourceTree = "<group>";
		};
		C62BA8511768940900F6142B /* MainStoryboard.storyboard */ = {
			isa = PBXVariantGroup;
			children = (
				C62BA8521768940900F6142B /* en */,
			);
			name = MainStoryboard.storyboard;
			sourceTree = "<group>";
		};
/* End PBXVariantGroup section */

/* Begin XCBuildConfiguration section */
		C62BA8571768940900F6142B /* Debug */ = {
			isa = XCBuildConfiguration;
			buildSettings = {
				ALWAYS_SEARCH_USER_PATHS = NO;
				CLANG_CXX_LANGUAGE_STANDARD = "gnu++0x";
				CLANG_CXX_LIBRARY = "libc++";
				CLANG_ENABLE_OBJC_ARC = YES;
				CLANG_WARN_CONSTANT_CONVERSION = YES;
				CLANG_WARN_EMPTY_BODY = YES;
				CLANG_WARN_ENUM_CONVERSION = YES;
				CLANG_WARN_INT_CONVERSION = YES;
				CLANG_WARN__DUPLICATE_METHOD_MATCH = YES;
				"CODE_SIGN_IDENTITY[sdk=iphoneos*]" = "iPhone Developer";
				COPY_PHASE_STRIP = NO;
				GCC_C_LANGUAGE_STANDARD = gnu99;
				GCC_DYNAMIC_NO_PIC = NO;
				GCC_OPTIMIZATION_LEVEL = 0;
				GCC_PREPROCESSOR_DEFINITIONS = (
					"DEBUG=1",
					"$(inherited)",
				);
				GCC_SYMBOLS_PRIVATE_EXTERN = NO;
				GCC_WARN_ABOUT_RETURN_TYPE = YES;
				GCC_WARN_UNINITIALIZED_AUTOS = YES;
				GCC_WARN_UNUSED_VARIABLE = YES;
				IPHONEOS_DEPLOYMENT_TARGET = 6.1;
				ONLY_ACTIVE_ARCH = YES;
				SDKROOT = iphoneos;
			};
			name = Debug;
		};
		C62BA8581768940900F6142B /* Release */ = {
			isa = XCBuildConfiguration;
			buildSettings = {
				ALWAYS_SEARCH_USER_PATHS = NO;
				CLANG_CXX_LANGUAGE_STANDARD = "gnu++0x";
				CLANG_CXX_LIBRARY = "libc++";
				CLANG_ENABLE_OBJC_ARC = YES;
				CLANG_WARN_CONSTANT_CONVERSION = YES;
				CLANG_WARN_EMPTY_BODY = YES;
				CLANG_WARN_ENUM_CONVERSION = YES;
				CLANG_WARN_INT_CONVERSION = YES;
				CLANG_WARN__DUPLICATE_METHOD_MATCH = YES;
				"CODE_SIGN_IDENTITY[sdk=iphoneos*]" = "iPhone Developer";
				COPY_PHASE_STRIP = YES;
				GCC_C_LANGUAGE_STANDARD = gnu99;
				GCC_WARN_ABOUT_RETURN_TYPE = YES;
				GCC_WARN_UNINITIALIZED_AUTOS = YES;
				GCC_WARN_UNUSED_VARIABLE = YES;
				IPHONEOS_DEPLOYMENT_TARGET = 6.1;
				OTHER_CFLAGS = "-DNS_BLOCK_ASSERTIONS=1";
				SDKROOT = iphoneos;
				VALIDATE_PRODUCT = YES;
			};
			name = Release;
		};
		C62BA85A1768940900F6142B /* Debug */ = {
			isa = XCBuildConfiguration;
			buildSettings = {
				GCC_PRECOMPILE_PREFIX_HEADER = YES;
				GCC_PREFIX_HEADER = "3Set/3Set-Prefix.pch";
				INFOPLIST_FILE = "3Set/3Set-Info.plist";
				PRODUCT_NAME = "$(TARGET_NAME)";
				WRAPPER_EXTENSION = app;
			};
			name = Debug;
		};
		C62BA85B1768940900F6142B /* Release */ = {
			isa = XCBuildConfiguration;
			buildSettings = {
				GCC_PRECOMPILE_PREFIX_HEADER = YES;
				GCC_PREFIX_HEADER = "3Set/3Set-Prefix.pch";
				INFOPLIST_FILE = "3Set/3Set-Info.plist";
				PRODUCT_NAME = "$(TARGET_NAME)";
				WRAPPER_EXTENSION = app;
			};
			name = Release;
		};
/* End XCBuildConfiguration section */

/* Begin XCConfigurationList section */
		C62BA8311768940900F6142B /* Build configuration list for PBXProject "3Set" */ = {
			isa = XCConfigurationList;
			buildConfigurations = (
				C62BA8571768940900F6142B /* Debug */,
				C62BA8581768940900F6142B /* Release */,
			);
			defaultConfigurationIsVisible = 0;
			defaultConfigurationName = Release;
		};
		C62BA8591768940900F6142B /* Build configuration list for PBXNativeTarget "3Set" */ = {
			isa = XCConfigurationList;
			buildConfigurations = (
				C62BA85A1768940900F6142B /* Debug */,
				C62BA85B1768940900F6142B /* Release */,
			);
			defaultConfigurationIsVisible = 0;
			defaultConfigurationName = Release;
		};
/* End XCConfigurationList section */
	};
	rootObject = C62BA82E1768940900F6142B /* Project object */;
}
